
Microsoft Visual Studio Solution File, Format Version 12.00
# Visual Studio Version 16
VisualStudioVersion = 16.0.29102.190
MinimumVisualStudioVersion = 10.0.40219.1
Project("{9A19103F-16F7-4668-BE54-9A1E7A4F7556}") = "DevAdventCalendarCompetition", "DevAdventCalendarCompetition\DevAdventCalendarCompetition.csproj", "{ABEBFE43-9603-4F88-8551-42D05BF4365F}"
EndProject
Project("{9A19103F-16F7-4668-BE54-9A1E7A4F7556}") = "DevAdventCalendarCompetition.Services", "DevAdventCalendarCompetition.Services\DevAdventCalendarCompetition.Services.csproj", "{08ACB8DC-1C8C-4C74-8EEF-A1F2E51B6620}"
EndProject
Project("{9A19103F-16F7-4668-BE54-9A1E7A4F7556}") = "DevAdventCalendarCompetition.Repository", "DevAdventCalendarCompetition.Repository\DevAdventCalendarCompetition.Repository.csproj", "{E1B14B60-0B8D-4F19-BFF1-B049CF780A36}"
EndProject
Project("{9A19103F-16F7-4668-BE54-9A1E7A4F7556}") = "DevAdventCalendarCompetition.Tests", "DevAdventCalendarCompetition.Tests\DevAdventCalendarCompetition.Tests.csproj", "{F91B714C-62D1-485A-B123-96C5439D0CD2}"
EndProject
Global
	GlobalSection(SolutionConfigurationPlatforms) = preSolution
		Debug|Any CPU = Debug|Any CPU
		Release|Any CPU = Release|Any CPU
	EndGlobalSection
	GlobalSection(ProjectConfigurationPlatforms) = postSolution
		{ABEBFE43-9603-4F88-8551-42D05BF4365F}.Debug|Any CPU.ActiveCfg = Debug|Any CPU
		{ABEBFE43-9603-4F88-8551-42D05BF4365F}.Debug|Any CPU.Build.0 = Debug|Any CPU
		{ABEBFE43-9603-4F88-8551-42D05BF4365F}.Release|Any CPU.ActiveCfg = Debug|Any CPU
		{ABEBFE43-9603-4F88-8551-42D05BF4365F}.Release|Any CPU.Build.0 = Debug|Any CPU
		{08ACB8DC-1C8C-4C74-8EEF-A1F2E51B6620}.Debug|Any CPU.ActiveCfg = Release|Any CPU
		{08ACB8DC-1C8C-4C74-8EEF-A1F2E51B6620}.Debug|Any CPU.Build.0 = Release|Any CPU
		{08ACB8DC-1C8C-4C74-8EEF-A1F2E51B6620}.Release|Any CPU.ActiveCfg = Release|Any CPU
		{08ACB8DC-1C8C-4C74-8EEF-A1F2E51B6620}.Release|Any CPU.Build.0 = Release|Any CPU
		{E1B14B60-0B8D-4F19-BFF1-B049CF780A36}.Debug|Any CPU.ActiveCfg = Debug|Any CPU
		{E1B14B60-0B8D-4F19-BFF1-B049CF780A36}.Debug|Any CPU.Build.0 = Debug|Any CPU
		{E1B14B60-0B8D-4F19-BFF1-B049CF780A36}.Release|Any CPU.ActiveCfg = Debug|Any CPU
		{E1B14B60-0B8D-4F19-BFF1-B049CF780A36}.Release|Any CPU.Build.0 = Debug|Any CPU
		{F91B714C-62D1-485A-B123-96C5439D0CD2}.Debug|Any CPU.ActiveCfg = Debug|Any CPU
		{F91B714C-62D1-485A-B123-96C5439D0CD2}.Debug|Any CPU.Build.0 = Debug|Any CPU
		{F91B714C-62D1-485A-B123-96C5439D0CD2}.Release|Any CPU.ActiveCfg = Debug|Any CPU
		{F91B714C-62D1-485A-B123-96C5439D0CD2}.Release|Any CPU.Build.0 = Debug|Any CPU
	EndGlobalSection
	GlobalSection(SolutionProperties) = preSolution
		HideSolutionNode = FALSE
	EndGlobalSection
	GlobalSection(ExtensibilityGlobals) = postSolution
		SolutionGuid = {1966FB5B-0C63-44BC-A415-2D33F208F98C}
	EndGlobalSection
EndGlobal
